
Microsoft Visual Studio Solution File, Format Version 12.00
# Visual Studio Version 17
VisualStudioVersion = 17.7.34221.43
MinimumVisualStudioVersion = 10.0.40219.1
Project("{9A19103F-16F7-4668-BE54-9A1E7A4F7556}") = "CommandPromptHelper", "CommandPromptHelper\CommandPromptHelper.csproj", "{A7BF9D0E-8816-4E85-ABBB-214B4E006DE7}"
EndProject
Project("{9A19103F-16F7-4668-BE54-9A1E7A4F7556}") = "StandRoutineOptimizer", "StandRoutineOptimizer\StandRoutineOptimizer.csproj", "{D3555EDB-75D6-479F-A259-CAA8FBBCDE97}"
EndProject
Global
	GlobalSection(SolutionConfigurationPlatforms) = preSolution
		Debug|Any CPU = Debug|Any CPU
		Release|Any CPU = Release|Any CPU
	EndGlobalSection
	GlobalSection(ProjectConfigurationPlatforms) = postSolution
		{A7BF9D0E-8816-4E85-ABBB-214B4E006DE7}.Debug|Any CPU.ActiveCfg = Debug|Any CPU
		{A7BF9D0E-8816-4E85-ABBB-214B4E006DE7}.Debug|Any CPU.Build.0 = Debug|Any CPU
		{A7BF9D0E-8816-4E85-ABBB-214B4E006DE7}.Release|Any CPU.ActiveCfg = Release|Any CPU
		{A7BF9D0E-8816-4E85-ABBB-214B4E006DE7}.Release|Any CPU.Build.0 = Release|Any CPU
		{D3555EDB-75D6-479F-A259-CAA8FBBCDE97}.Debug|Any CPU.ActiveCfg = Debug|Any CPU
		{D3555EDB-75D6-479F-A259-CAA8FBBCDE97}.Debug|Any CPU.Build.0 = Debug|Any CPU
		{D3555EDB-75D6-479F-A259-CAA8FBBCDE97}.Release|Any CPU.ActiveCfg = Release|Any CPU
		{D3555EDB-75D6-479F-A259-CAA8FBBCDE97}.Release|Any CPU.Build.0 = Release|Any CPU
	EndGlobalSection
	GlobalSection(SolutionProperties) = preSolution
		HideSolutionNode = FALSE
	EndGlobalSection
	GlobalSection(ExtensibilityGlobals) = postSolution
		SolutionGuid = {F1A6B67E-F079-4881-BA52-1FB5B61489FA}
	EndGlobalSection
EndGlobal
